{
  "name": "tee-box-bets",
  "version": "1.0.0",
  "lockfileVersion": 3,
  "requires": true,
  "packages": {
    "": {
      "name": "tee-box-bets",
      "version": "1.0.0",
      "license": "ISC",
      "dependencies": {
        "@capacitor-community/admob": "^8.0.0",
        "@capacitor/ios": "^8.3.0",
        "@revenuecat/purchases-capacitor": "^12.3.1"
      }
    },
    "node_modules/@capacitor-community/admob": {
      "version": "8.0.0",
      "resolved": "https://registry.npmjs.org/@capacitor-community/admob/-/admob-8.0.0.tgz",
      "integrity": "sha512-+ZIq+UtcNvTMFwjvuhOuGvCjwK2Wu36lTIl9o1/CEjfp2Aj3m4b9zQGx0vXrERYqQmJp/Ven7ee3gGuh2Ym8nA==",
      "license": "MIT",
      "dependencies": {
        "@capacitor/core": "^8.0.0",
        "@rdlabo/capacitor-docgen": "^0.4.1"
      },
      "engines": {
        "node": ">=22.0.0"
      }
    },
    "node_modules/@capacitor/core": {
      "version": "8.3.0",
      "resolved": "https://registry.npmjs.org/@capacitor/core/-/core-8.3.0.tgz",
      "integrity": "sha512-S4ajn4G/fS3VJj8salxqH/3LO5PPWv1VxGKQ27OCajnDcLJjEg9VXwgMPnlypgkIOqCJ2fmQLtk8GT+BlI9/rw==",
      "license": "MIT",
      "dependencies": {
        "tslib": "^2.1.0"
      }
    },
    "node_modules/@capacitor/ios": {
      "version": "8.3.0",
      "resolved": "https://registry.npmjs.org/@capacitor/ios/-/ios-8.3.0.tgz",
      "integrity": "sha512-5Rtwv8SITKlYTt8lAZG+khnVIdzPtqbocH3eP+JkEmX1vpSMwx4TOKtT8OBz8gpQ+pUJDRp7DBYOv3U6l/obCw==",
      "license": "MIT",
      "peerDependencies": {
        "@capacitor/core": "^8.3.0"
      }
    },
    "node_modules/@rdlabo/capacitor-docgen": {
      "version": "0.4.1",
      "resolved": "https://registry.npmjs.org/@rdlabo/capacitor-docgen/-/capacitor-docgen-0.4.1.tgz",
      "integrity": "sha512-zUB0lwha4Omqyr5URy/QaFjP6Gh2xxTKAFI0MClqrmUxQwmV8c84+wGvqAoWPCzg4jk1MsU6oiRVuTkUV7xseA==",
      "license": "MIT",
      "dependencies": {
        "colorette": "^2.0.20",
        "github-slugger": "^1.5.0",
        "minimist": "^1.2.8",
        "typescript": "~4.2.4"
      },
      "bin": {
        "docgen": "bin/docgen"
      },
      "engines": {
        "node": ">=18.0.0"
      }
    },
    "node_modules/@revenuecat/purchases-capacitor": {
      "version": "12.3.1",
      "resolved": "https://registry.npmjs.org/@revenuecat/purchases-capacitor/-/purchases-capacitor-12.3.1.tgz",
      "integrity": "sha512-J+0p1t0tkddESXt32ihzyiXQWe1bhDb0f+FxonSrQc8vtTUFLWZv4C5uiPs9Jz0spgYYNGkvkfQOciLfLXGKQQ==",
      "license": "MIT",
      "dependencies": {
        "@revenuecat/purchases-typescript-internal-esm": "17.54.0"
      },
      "peerDependencies": {
        "@capacitor/core": ">=8.0.0"
      }
    },
    "node_modules/@revenuecat/purchases-typescript-internal-esm": {
      "version": "17.54.0",
      "resolved": "https://registry.npmjs.org/@revenuecat/purchases-typescript-internal-esm/-/purchases-typescript-internal-esm-17.54.0.tgz",
      "integrity": "sha512-Y1VNatAKqELypXtwqVYRokGl2S+ldMnxcNaDnuLXmjuXtcHnO1HpKw/7He5UV51QL7zw+GR9CcSQii06MYbflw==",
      "license": "MIT"
    },
    "node_modules/colorette": {
      "version": "2.0.20",
      "resolved": "https://registry.npmjs.org/colorette/-/colorette-2.0.20.tgz",
      "integrity": "sha512-IfEDxwoWIjkeXL1eXcDiow4UbKjhLdq6/EuSVR9GMN7KVH3r9gQ83e73hsz1Nd1T3ijd5xv1wcWRYO+D6kCI2w==",
      "license": "MIT"
    },
    "node_modules/github-slugger": {
      "version": "1.5.0",
      "resolved": "https://registry.npmjs.org/github-slugger/-/github-slugger-1.5.0.tgz",
      "integrity": "sha512-wIh+gKBI9Nshz2o46B0B3f5k/W+WI9ZAv6y5Dn5WJ5SK1t0TnDimB4WE5rmTD05ZAIn8HALCZVmCsvj0w0v0lw==",
      "license": "ISC"
    },
    "node_modules/minimist": {
      "version": "1.2.8",
      "resolved": "https://registry.npmjs.org/minimist/-/minimist-1.2.8.tgz",
      "integrity": "sha512-2yyAR8qBkN3YuheJanUpWC5U3bb5osDywNB8RzDVlDwDHbocAJveqqj1u8+SVD7jkWT4yvsHCpWqqWqAxb0zCA==",
      "license": "MIT",
      "funding": {
        "url": "https://github.com/sponsors/ljharb"
      }
    },
    "node_modules/tslib": {
      "version": "2.8.1",
      "resolved": "https://registry.npmjs.org/tslib/-/tslib-2.8.1.tgz",
      "integrity": "sha512-oJFu94HQb+KVduSUQL7wnpmqnfmLsOA/nAh6b6EH0wCEoK0/mPeXU6c3wKDV83MkOuHPRHtSXKKU99IBazS/2w==",
      "license": "0BSD"
    },
    "node_modules/typescript": {
      "version": "4.2.4",
      "resolved": "https://registry.npmjs.org/typescript/-/typescript-4.2.4.tgz",
      "integrity": "sha512-V+evlYHZnQkaz8TRBuxTA92yZBPotr5H+WhQ7bD3hZUndx5tGOa1fuCgeSjxAzM1RiN5IzvadIXTVefuuwZCRg==",
      "license": "Apache-2.0",
      "bin": {
        "tsc": "bin/tsc",
        "tsserver": "bin/tsserver"
      },
      "engines": {
        "node": ">=4.2.0"
      }
    }
  }
}
